
Microsoft Visual Studio Solution File, Format Version 12.00
# Visual Studio Version 16
VisualStudioVersion = 16.0.30104.148
MinimumVisualStudioVersion = 10.0.40219.1
Project("{FAE04EC0-301F-11D3-BF4B-00C04F79EFBC}") = "CompanyEmployees.Client", "CompanyEmployees.Client\CompanyEmployees.Client.csproj", "{96DC84DB-BC0A-4535-AE84-A90BE8247B1F}"
EndProject
Global
	GlobalSection(SolutionConfigurationPlatforms) = preSolution
		Debug|Any CPU = Debug|Any CPU
		Release|Any CPU = Release|Any CPU
	EndGlobalSection
	GlobalSection(ProjectConfigurationPlatforms) = postSolution
		{96DC84DB-BC0A-4535-AE84-A90BE8247B1F}.Debug|Any CPU.ActiveCfg = Debug|Any CPU
		{96DC84DB-BC0A-4535-AE84-A90BE8247B1F}.Debug|Any CPU.Build.0 = Debug|Any CPU
		{96DC84DB-BC0A-4535-AE84-A90BE8247B1F}.Release|Any CPU.ActiveCfg = Release|Any CPU
		{96DC84DB-BC0A-4535-AE84-A90BE8247B1F}.Release|Any CPU.Build.0 = Release|Any CPU
	EndGlobalSection
	GlobalSection(SolutionProperties) = preSolution
		HideSolutionNode = FALSE
	EndGlobalSection
	GlobalSection(ExtensibilityGlobals) = postSolution
		SolutionGuid = {50E9F0F0-2169-4BCB-9F46-E896A0D1E3C9}
	EndGlobalSection
EndGlobal
