
Microsoft Visual Studio Solution File, Format Version 12.00
# Visual Studio Version 17
VisualStudioVersion = 17.4.33020.496
MinimumVisualStudioVersion = 10.0.40219.1
Project("{FAE04EC0-301F-11D3-BF4B-00C04F79EFBC}") = "CompanyEmployees", "CompanyEmployees\CompanyEmployees.csproj", "{B6993E6F-53E2-48FC-B5CB-F08B30D139E7}"
EndProject
Global
	GlobalSection(SolutionConfigurationPlatforms) = preSolution
		Debug|Any CPU = Debug|Any CPU
		Release|Any CPU = Release|Any CPU
	EndGlobalSection
	GlobalSection(ProjectConfigurationPlatforms) = postSolution
		{B6993E6F-53E2-48FC-B5CB-F08B30D139E7}.Debug|Any CPU.ActiveCfg = Debug|Any CPU
		{B6993E6F-53E2-48FC-B5CB-F08B30D139E7}.Debug|Any CPU.Build.0 = Debug|Any CPU
		{B6993E6F-53E2-48FC-B5CB-F08B30D139E7}.Release|Any CPU.ActiveCfg = Release|Any CPU
		{B6993E6F-53E2-48FC-B5CB-F08B30D139E7}.Release|Any CPU.Build.0 = Release|Any CPU
	EndGlobalSection
	GlobalSection(SolutionProperties) = preSolution
		HideSolutionNode = FALSE
	EndGlobalSection
	GlobalSection(ExtensibilityGlobals) = postSolution
		SolutionGuid = {2FAB8B47-9477-4F83-AFA5-6C226C450D2D}
	EndGlobalSection
EndGlobal
